{
  "originHash" : "2dcaa70b5086442f82d380193e31c78c7fd33bc298bbeb16a46e0c555c60c11d",
  "pins" : [
    {
      "identity" : "swift-custom-logger",
      "kind" : "remoteSourceControl",
      "location" : "https://github.com/nerzh/swift-custom-logger",
      "state" : {
        "revision" : "5eea143e6674a7a263b96cdf51e4db8bad07820c",
        "version" : "1.1.1"
      }
    },
    {
      "identity" : "swift-log",
      "kind" : "remoteSourceControl",
      "location" : "https://github.com/apple/swift-log",
      "state" : {
        "revision" : "a878e7f8f46cfc0e1125e565b5c08e7d5272dc9a",
        "version" : "1.14.0"
      }
    },
    {
      "identity" : "swift-regular-expression",
      "kind" : "remoteSourceControl",
      "location" : "https://github.com/nerzh/swift-regular-expression",
      "state" : {
        "revision" : "19c3e569a8e81da6f7f4ee3b73028c25737d3706",
        "version" : "0.2.4"
      }
    },
    {
      "identity" : "swift-subprocess",
      "kind" : "remoteSourceControl",
      "location" : "https://github.com/swiftlang/swift-subprocess.git",
      "state" : {
        "revision" : "13d087685b95d64d6aac9b94500d347bbe84c39b",
        "version" : "0.4.0"
      }
    },
    {
      "identity" : "swift-system",
      "kind" : "remoteSourceControl",
      "location" : "https://github.com/apple/swift-system",
      "state" : {
        "revision" : "b5544ba79a70a0cb3563e75bf26dc198d6b40ed3",
        "version" : "1.7.4"
      }
    },
    {
      "identity" : "swift-telegram-bot",
      "kind" : "remoteSourceControl",
      "location" : "https://github.com/nerzh/swift-telegram-bot.git",
      "state" : {
        "revision" : "dfbead9cab0741ccefc3e03dbcfb2aff051a1785",
        "version" : "10.1.0"
      }
    }
  ],
  "version" : 3
}
