{
  "originHash" : "6d407af3b65220b2fff09a43ec877848a31de816d5b0c02826cf55a36e4c10d4",
  "pins" : [
    {
      "identity" : "swift-custom-logger",
      "kind" : "remoteSourceControl",
      "location" : "https://github.com/nerzh/swift-custom-logger",
      "state" : {
        "revision" : "5eea143e6674a7a263b96cdf51e4db8bad07820c",
        "version" : "1.1.1"
      }
    },
    {
      "identity" : "swift-log",
      "kind" : "remoteSourceControl",
      "location" : "https://github.com/apple/swift-log",
      "state" : {
        "revision" : "a878e7f8f46cfc0e1125e565b5c08e7d5272dc9a",
        "version" : "1.14.0"
      }
    },
    {
      "identity" : "swift-regular-expression",
      "kind" : "remoteSourceControl",
      "location" : "https://github.com/nerzh/swift-regular-expression",
      "state" : {
        "revision" : "19c3e569a8e81da6f7f4ee3b73028c25737d3706",
        "version" : "0.2.4"
      }
    },
    {
      "identity" : "swift-subprocess",
      "kind" : "remoteSourceControl",
      "location" : "https://github.com/swiftlang/swift-subprocess.git",
      "state" : {
        "revision" : "11633673a41f509f8945f23c96c7acd4adafd679",
        "version" : "0.5.0"
      }
    },
    {
      "identity" : "swift-system",
      "kind" : "remoteSourceControl",
      "location" : "https://github.com/apple/swift-system",
      "state" : {
        "revision" : "b5544ba79a70a0cb3563e75bf26dc198d6b40ed3",
        "version" : "1.7.4"
      }
    },
    {
      "identity" : "swift-telegram-bot",
      "kind" : "remoteSourceControl",
      "location" : "https://github.com/nerzh/swift-telegram-bot.git",
      "state" : {
        "revision" : "a3ee4578cc249e80619fe6a4929d704e4a9d6fb9",
        "version" : "4.6.0"
      }
    }
  ],
  "version" : 3
}
